
Microsoft Visual Studio Solution File, Format Version 12.00
# Visual Studio Version 17
VisualStudioVersion = 17.6.33815.320
MinimumVisualStudioVersion = 10.0.40219.1
Project("{FAE04EC0-301F-11D3-BF4B-00C04F79EFBC}") = "NotepadApp", "NotepadApp.csproj", "{F1280F89-4E5B-4A6D-A718-AAEE670D7F1E}"
EndProject
Global
	GlobalSection(SolutionConfigurationPlatforms) = preSolution
		Debug|Any CPU = Debug|Any CPU
		Release|Any CPU = Release|Any CPU
	EndGlobalSection
	GlobalSection(ProjectConfigurationPlatforms) = postSolution
		{F1280F89-4E5B-4A6D-A718-AAEE670D7F1E}.Debug|Any CPU.ActiveCfg = Debug|Any CPU
		{F1280F89-4E5B-4A6D-A718-AAEE670D7F1E}.Debug|Any CPU.Build.0 = Debug|Any CPU
		{F1280F89-4E5B-4A6D-A718-AAEE670D7F1E}.Release|Any CPU.ActiveCfg = Release|Any CPU
		{F1280F89-4E5B-4A6D-A718-AAEE670D7F1E}.Release|Any CPU.Build.0 = Release|Any CPU
	EndGlobalSection
	GlobalSection(SolutionProperties) = preSolution
		HideSolutionNode = FALSE
	EndGlobalSection
	GlobalSection(ExtensibilityGlobals) = postSolution
		SolutionGuid = {9442AB11-B70B-4B9A-9029-FB1CBD20544B}
	EndGlobalSection
EndGlobal
